
Microsoft Visual Studio Solution File, Format Version 12.00
# Visual Studio Version 17
VisualStudioVersion = 17.11.35312.102
MinimumVisualStudioVersion = 10.0.40219.1
Project("{FAE04EC0-301F-11D3-BF4B-00C04F79EFBC}") = "Examen1Evaluacion_API", "Examen1Evaluacion_API\Examen1Evaluacion_API.csproj", "{7086C49F-F121-416F-87AF-661C7AAB8E75}"
EndProject
Project("{FAE04EC0-301F-11D3-BF4B-00C04F79EFBC}") = "Examen1Evaluacion", "Examen1Evaluacion\Examen1Evaluacion.csproj", "{332F34BB-FC80-4A2F-8352-ED9DCE945444}"
EndProject
Global
	GlobalSection(SolutionConfigurationPlatforms) = preSolution
		Debug|Any CPU = Debug|Any CPU
		Release|Any CPU = Release|Any CPU
	EndGlobalSection
	GlobalSection(ProjectConfigurationPlatforms) = postSolution
		{7086C49F-F121-416F-87AF-661C7AAB8E75}.Debug|Any CPU.ActiveCfg = Debug|Any CPU
		{7086C49F-F121-416F-87AF-661C7AAB8E75}.Debug|Any CPU.Build.0 = Debug|Any CPU
		{7086C49F-F121-416F-87AF-661C7AAB8E75}.Release|Any CPU.ActiveCfg = Release|Any CPU
		{7086C49F-F121-416F-87AF-661C7AAB8E75}.Release|Any CPU.Build.0 = Release|Any CPU
		{332F34BB-FC80-4A2F-8352-ED9DCE945444}.Debug|Any CPU.ActiveCfg = Debug|Any CPU
		{332F34BB-FC80-4A2F-8352-ED9DCE945444}.Debug|Any CPU.Build.0 = Debug|Any CPU
		{332F34BB-FC80-4A2F-8352-ED9DCE945444}.Release|Any CPU.ActiveCfg = Release|Any CPU
		{332F34BB-FC80-4A2F-8352-ED9DCE945444}.Release|Any CPU.Build.0 = Release|Any CPU
	EndGlobalSection
	GlobalSection(SolutionProperties) = preSolution
		HideSolutionNode = FALSE
	EndGlobalSection
	GlobalSection(ExtensibilityGlobals) = postSolution
		SolutionGuid = {70709361-1584-45C2-BE7D-83CB9093B2AA}
	EndGlobalSection
EndGlobal
