
Microsoft Visual Studio Solution File, Format Version 12.00
# Visual Studio Version 17
VisualStudioVersion = 17.11.35312.102
MinimumVisualStudioVersion = 10.0.40219.1
Project("{FAE04EC0-301F-11D3-BF4B-00C04F79EFBC}") = "1_Ord_API", "1_Ord_API\1_Ord_API.csproj", "{B1E44535-A589-493E-AAE1-59FBFA9DE126}"
EndProject
Project("{FAE04EC0-301F-11D3-BF4B-00C04F79EFBC}") = "Examen_1Ordinaria", "Examen_1Ordinaria\Examen_1Ordinaria.csproj", "{193CA5B2-060A-4BF5-9723-DA82FB1FF982}"
EndProject
Global
	GlobalSection(SolutionConfigurationPlatforms) = preSolution
		Debug|Any CPU = Debug|Any CPU
		Release|Any CPU = Release|Any CPU
	EndGlobalSection
	GlobalSection(ProjectConfigurationPlatforms) = postSolution
		{B1E44535-A589-493E-AAE1-59FBFA9DE126}.Debug|Any CPU.ActiveCfg = Debug|Any CPU
		{B1E44535-A589-493E-AAE1-59FBFA9DE126}.Debug|Any CPU.Build.0 = Debug|Any CPU
		{B1E44535-A589-493E-AAE1-59FBFA9DE126}.Release|Any CPU.ActiveCfg = Release|Any CPU
		{B1E44535-A589-493E-AAE1-59FBFA9DE126}.Release|Any CPU.Build.0 = Release|Any CPU
		{193CA5B2-060A-4BF5-9723-DA82FB1FF982}.Debug|Any CPU.ActiveCfg = Debug|Any CPU
		{193CA5B2-060A-4BF5-9723-DA82FB1FF982}.Debug|Any CPU.Build.0 = Debug|Any CPU
		{193CA5B2-060A-4BF5-9723-DA82FB1FF982}.Release|Any CPU.ActiveCfg = Release|Any CPU
		{193CA5B2-060A-4BF5-9723-DA82FB1FF982}.Release|Any CPU.Build.0 = Release|Any CPU
	EndGlobalSection
	GlobalSection(SolutionProperties) = preSolution
		HideSolutionNode = FALSE
	EndGlobalSection
	GlobalSection(ExtensibilityGlobals) = postSolution
		SolutionGuid = {79963B97-10AD-45E4-94EC-901E2B8B3F68}
	EndGlobalSection
EndGlobal
